
Microsoft Visual Studio Solution File, Format Version 12.00
Project("{2150E333-8FDC-42A3-9474-1A3956D46DE8}") = "Documentation", "Documentation", "{3700EDE0-90F9-43C4-8FB9-5F44FC30305A}"
EndProject
Project("{FAE04EC0-301F-11D3-BF4B-00C04F79EFBC}") = "Assignment", "Assignment\Assignment.csproj", "{5C5D0EF8-5CC7-4728-A524-0D47819D65E4}"
EndProject
Project("{2150E333-8FDC-42A3-9474-1A3956D46DE8}") = "Tests", "Tests", "{D115ACEA-B93C-4C69-A405-E2A70B0ECAE4}"
EndProject
Project("{FAE04EC0-301F-11D3-BF4B-00C04F79EFBC}") = "UnitTests", "Tests\UnitTests\UnitTests.csproj", "{F0D98F33-47D1-4A2C-A5EE-F395AB5A8867}"
EndProject
Project("{2150E333-8FDC-42A3-9474-1A3956D46DE8}") = "src", "src", "{130FD53A-01D8-4857-BB03-6462CF2C006E}"
EndProject
Project("{2150E333-8FDC-42A3-9474-1A3956D46DE8}") = "Core", "Core", "{88A491CD-83E8-4729-BE96-846A5F5B7094}"
EndProject
Project("{2150E333-8FDC-42A3-9474-1A3956D46DE8}") = "Tools", "Tools", "{3EA2963B-1A4C-473A-9230-AEB6DEC3BDF1}"
EndProject
Project("{FAE04EC0-301F-11D3-BF4B-00C04F79EFBC}") = "VIAEventAssociation.Core.Tools.OperationResult", "src\Core\Tools\VIAEventAssociation.Core.Tools.OperationResult\VIAEventAssociation.Core.Tools.OperationResult.csproj", "{0759AC7D-AF2E-4968-8A65-77B8B27C1E54}"
EndProject
Project("{FAE04EC0-301F-11D3-BF4B-00C04F79EFBC}") = "VIAEventAssociation.Core.Domain", "src\Core\VIAEventAssociation.Core.Domain\VIAEventAssociation.Core.Domain.csproj", "{FD45887C-02B2-4ADF-93D1-4343A5598BAF}"
EndProject
Project("{FAE04EC0-301F-11D3-BF4B-00C04F79EFBC}") = "VIAEventAssociation.Core.Application", "src\Core\VIAEventAssociation.Core.Application\VIAEventAssociation.Core.Application.csproj", "{34DF846C-2A98-4781-B31E-C9B69BAF5367}"
EndProject
Project("{2150E333-8FDC-42A3-9474-1A3956D46DE8}") = "Infrastructure", "Infrastructure", "{B15C4DD1-014A-4237-9E32-9777D65776B5}"
EndProject
Project("{FAE04EC0-301F-11D3-BF4B-00C04F79EFBC}") = "SqliteDataWrite", "src\Infrastructure\SqliteDataWrite\SqliteDataWrite.csproj", "{B139C071-ED51-4C2F-867F-A8FE42CD7D27}"
EndProject
Global
	GlobalSection(SolutionConfigurationPlatforms) = preSolution
		Debug|Any CPU = Debug|Any CPU
		Release|Any CPU = Release|Any CPU
	EndGlobalSection
	GlobalSection(ProjectConfigurationPlatforms) = postSolution
		{5C5D0EF8-5CC7-4728-A524-0D47819D65E4}.Debug|Any CPU.ActiveCfg = Debug|Any CPU
		{5C5D0EF8-5CC7-4728-A524-0D47819D65E4}.Debug|Any CPU.Build.0 = Debug|Any CPU
		{5C5D0EF8-5CC7-4728-A524-0D47819D65E4}.Release|Any CPU.ActiveCfg = Release|Any CPU
		{5C5D0EF8-5CC7-4728-A524-0D47819D65E4}.Release|Any CPU.Build.0 = Release|Any CPU
		{F0D98F33-47D1-4A2C-A5EE-F395AB5A8867}.Debug|Any CPU.ActiveCfg = Debug|Any CPU
		{F0D98F33-47D1-4A2C-A5EE-F395AB5A8867}.Debug|Any CPU.Build.0 = Debug|Any CPU
		{F0D98F33-47D1-4A2C-A5EE-F395AB5A8867}.Release|Any CPU.ActiveCfg = Release|Any CPU
		{F0D98F33-47D1-4A2C-A5EE-F395AB5A8867}.Release|Any CPU.Build.0 = Release|Any CPU
		{0759AC7D-AF2E-4968-8A65-77B8B27C1E54}.Debug|Any CPU.ActiveCfg = Debug|Any CPU
		{0759AC7D-AF2E-4968-8A65-77B8B27C1E54}.Debug|Any CPU.Build.0 = Debug|Any CPU
		{0759AC7D-AF2E-4968-8A65-77B8B27C1E54}.Release|Any CPU.ActiveCfg = Release|Any CPU
		{0759AC7D-AF2E-4968-8A65-77B8B27C1E54}.Release|Any CPU.Build.0 = Release|Any CPU
		{FD45887C-02B2-4ADF-93D1-4343A5598BAF}.Debug|Any CPU.ActiveCfg = Debug|Any CPU
		{FD45887C-02B2-4ADF-93D1-4343A5598BAF}.Debug|Any CPU.Build.0 = Debug|Any CPU
		{FD45887C-02B2-4ADF-93D1-4343A5598BAF}.Release|Any CPU.ActiveCfg = Release|Any CPU
		{FD45887C-02B2-4ADF-93D1-4343A5598BAF}.Release|Any CPU.Build.0 = Release|Any CPU
		{34DF846C-2A98-4781-B31E-C9B69BAF5367}.Debug|Any CPU.ActiveCfg = Debug|Any CPU
		{34DF846C-2A98-4781-B31E-C9B69BAF5367}.Debug|Any CPU.Build.0 = Debug|Any CPU
		{34DF846C-2A98-4781-B31E-C9B69BAF5367}.Release|Any CPU.ActiveCfg = Release|Any CPU
		{34DF846C-2A98-4781-B31E-C9B69BAF5367}.Release|Any CPU.Build.0 = Release|Any CPU
		{B139C071-ED51-4C2F-867F-A8FE42CD7D27}.Debug|Any CPU.ActiveCfg = Debug|Any CPU
		{B139C071-ED51-4C2F-867F-A8FE42CD7D27}.Debug|Any CPU.Build.0 = Debug|Any CPU
		{B139C071-ED51-4C2F-867F-A8FE42CD7D27}.Release|Any CPU.ActiveCfg = Release|Any CPU
		{B139C071-ED51-4C2F-867F-A8FE42CD7D27}.Release|Any CPU.Build.0 = Release|Any CPU
	EndGlobalSection
	GlobalSection(NestedProjects) = preSolution
		{5C5D0EF8-5CC7-4728-A524-0D47819D65E4} = {3700EDE0-90F9-43C4-8FB9-5F44FC30305A}
		{F0D98F33-47D1-4A2C-A5EE-F395AB5A8867} = {D115ACEA-B93C-4C69-A405-E2A70B0ECAE4}
		{88A491CD-83E8-4729-BE96-846A5F5B7094} = {130FD53A-01D8-4857-BB03-6462CF2C006E}
		{3EA2963B-1A4C-473A-9230-AEB6DEC3BDF1} = {88A491CD-83E8-4729-BE96-846A5F5B7094}
		{0759AC7D-AF2E-4968-8A65-77B8B27C1E54} = {3EA2963B-1A4C-473A-9230-AEB6DEC3BDF1}
		{FD45887C-02B2-4ADF-93D1-4343A5598BAF} = {88A491CD-83E8-4729-BE96-846A5F5B7094}
		{34DF846C-2A98-4781-B31E-C9B69BAF5367} = {88A491CD-83E8-4729-BE96-846A5F5B7094}
		{B15C4DD1-014A-4237-9E32-9777D65776B5} = {130FD53A-01D8-4857-BB03-6462CF2C006E}
		{B139C071-ED51-4C2F-867F-A8FE42CD7D27} = {B15C4DD1-014A-4237-9E32-9777D65776B5}
	EndGlobalSection
EndGlobal
