
Microsoft Visual Studio Solution File, Format Version 12.00
Project("{2150E333-8FDC-42A3-9474-1A3956D46DE8}") = "Documentation", "Documentation", "{3700EDE0-90F9-43C4-8FB9-5F44FC30305A}"
EndProject
Project("{FAE04EC0-301F-11D3-BF4B-00C04F79EFBC}") = "WebApi", "WebApi\WebApi.csproj", "{EE6E1755-A5AC-4F34-B322-CFEEB73CE874}"
EndProject
Project("{FAE04EC0-301F-11D3-BF4B-00C04F79EFBC}") = "Assignment_1", "Assignment_1\Assignment_1.csproj", "{5C5D0EF8-5CC7-4728-A524-0D47819D65E4}"
EndProject
Global
	GlobalSection(SolutionConfigurationPlatforms) = preSolution
		Debug|Any CPU = Debug|Any CPU
		Release|Any CPU = Release|Any CPU
	EndGlobalSection
	GlobalSection(ProjectConfigurationPlatforms) = postSolution
		{EE6E1755-A5AC-4F34-B322-CFEEB73CE874}.Debug|Any CPU.ActiveCfg = Debug|Any CPU
		{EE6E1755-A5AC-4F34-B322-CFEEB73CE874}.Debug|Any CPU.Build.0 = Debug|Any CPU
		{EE6E1755-A5AC-4F34-B322-CFEEB73CE874}.Release|Any CPU.ActiveCfg = Release|Any CPU
		{EE6E1755-A5AC-4F34-B322-CFEEB73CE874}.Release|Any CPU.Build.0 = Release|Any CPU
		{5C5D0EF8-5CC7-4728-A524-0D47819D65E4}.Debug|Any CPU.ActiveCfg = Debug|Any CPU
		{5C5D0EF8-5CC7-4728-A524-0D47819D65E4}.Debug|Any CPU.Build.0 = Debug|Any CPU
		{5C5D0EF8-5CC7-4728-A524-0D47819D65E4}.Release|Any CPU.ActiveCfg = Release|Any CPU
		{5C5D0EF8-5CC7-4728-A524-0D47819D65E4}.Release|Any CPU.Build.0 = Release|Any CPU
	EndGlobalSection
	GlobalSection(NestedProjects) = preSolution
		{5C5D0EF8-5CC7-4728-A524-0D47819D65E4} = {3700EDE0-90F9-43C4-8FB9-5F44FC30305A}
	EndGlobalSection
EndGlobal
